<?xml version="1.0" encoding="utf-8"?>
<Project ToolsVersion="4.0" xmlns="http://schemas.microsoft.com/developer/msbuild/2003">
  <ItemGroup>
    <Filter Include="Source Files">
      <UniqueIdentifier>{f51ab41d-2d0e-4fb5-8430-acdf3614f4bc}</UniqueIdentifier>
      <Extensions>cpp;c;cxx;rc;def;r;odl;idl;hpj;bat</Extensions>
    </Filter>
    <Filter Include="Header Files">
      <UniqueIdentifier>{dff30e06-4c9e-4835-a9b2-3483d77d4d24}</UniqueIdentifier>
      <Extensions>h;hpp;hxx;hm;inl</Extensions>
    </Filter>
    <Filter Include="Resource Files">
      <UniqueIdentifier>{c3e4048e-71a5-4814-b90a-b9b5c6793bca}</UniqueIdentifier>
      <Extensions>ico;cur;bmp;dlg;rc2;rct;bin;rgs;gif;jpg;jpeg;jpe</Extensions>
    </Filter>
    <Filter Include="Source Files\shared">
      <UniqueIdentifier>{391f2f01-9c0d-4921-a5a1-15dcaac760b3}</UniqueIdentifier>
    </Filter>
  </ItemGroup>
  <ItemGroup>
    <ClCompile Include="3dmath.cpp">
      <Filter>Source Files</Filter>
    </ClCompile>
    <ClCompile Include="3DSModel.cpp">
      <Filter>Source Files</Filter>
    </ClCompile>
    <ClCompile Include="Load3DS.cpp">
      <Filter>Source Files</Filter>
    </ClCompile>
    <ClCompile Include="New3DSLoader.cpp">
      <Filter>Source Files</Filter>
    </ClCompile>
    <ClCompile Include="StdAfx.cpp">
      <Filter>Source Files</Filter>
    </ClCompile>
    <ClCompile Include="Mass-SpringModel.cpp">
      <Filter>Source Files</Filter>
    </ClCompile>
    <ClCompile Include="shared\GLee.c">
      <Filter>Source Files\shared</Filter>
    </ClCompile>
    <ClCompile Include="shared\gltools.cpp">
      <Filter>Source Files\shared</Filter>
    </ClCompile>
    <ClCompile Include="shared\math3d.cpp">
      <Filter>Source Files\shared</Filter>
    </ClCompile>
    <ClCompile Include="human.cpp">
      <Filter>Source Files</Filter>
    </ClCompile>
    <ClCompile Include="SelfCollision.cpp">
      <Filter>Source Files</Filter>
    </ClCompile>
    <ClCompile Include="Octree.cpp">
      <Filter>Source Files</Filter>
    </ClCompile>
  </ItemGroup>
  <ItemGroup>
    <ClInclude Include="3dmath.h">
      <Filter>Header Files</Filter>
    </ClInclude>
    <ClInclude Include="3DSModel.h">
      <Filter>Header Files</Filter>
    </ClInclude>
    <ClInclude Include="Load3DS.h">
      <Filter>Header Files</Filter>
    </ClInclude>
    <ClInclude Include="New3DSLoader.h">
      <Filter>Header Files</Filter>
    </ClInclude>
    <ClInclude Include="resource.h">
      <Filter>Header Files</Filter>
    </ClInclude>
    <ClInclude Include="StdAfx.h">
      <Filter>Header Files</Filter>
    </ClInclude>
    <ClInclude Include="Mass-SpringModel.h">
      <Filter>Header Files</Filter>
    </ClInclude>
    <ClInclude Include="human.h">
      <Filter>Header Files</Filter>
    </ClInclude>
    <ClInclude Include="Octree.h">
      <Filter>Header Files</Filter>
    </ClInclude>
  </ItemGroup>
  <ItemGroup>
    <None Include="Res\New3DSLoader.ICO">
      <Filter>Resource Files</Filter>
    </None>
    <None Include="New3DSLoader.ico">
      <Filter>Resource Files</Filter>
    </None>
    <None Include="Res\SMALL.ICO">
      <Filter>Resource Files</Filter>
    </None>
    <None Include="small.ico">
      <Filter>Resource Files</Filter>
    </None>
    <None Include="ReadMe.txt" />
  </ItemGroup>
  <ItemGroup>
    <ResourceCompile Include="New3DSLoader.rc">
      <Filter>Resource Files</Filter>
    </ResourceCompile>
  </ItemGroup>
</Project>